dependencies:
  espressif/mdns:
    component_hash: 3ba256ac95e07c274be53cbd73f06cb846c403b61e8fbdf1be57bdb79db7a63e
    dependencies:
    - name: idf
      require: private
      version: '>=5.0'
    source:
      registry_url: https://components.espressif.com/
      type: service
    version: 1.12.0
  idf:
    source:
      type: idf
    version: 6.0.1
direct_dependencies:
- espressif/mdns
manifest_hash: 12f6225f8f4b1bf3cf9426601d69b8f27112e7a1ae0867a88f1f4b4f5f33d965
target: esp32
version: 2.0.0
